
Microsoft Visual Studio Solution File, Format Version 12.00
# Visual Studio Version 17
VisualStudioVersion = 17.9.34728.123
MinimumVisualStudioVersion = 10.0.40219.1
Project("{9A19103F-16F7-4668-BE54-9A1E7A4F7556}") = "DisplayLib", "DisplayLib\DisplayLib.csproj", "{A9259100-EF47-45AC-A9B0-29F258ADA84A}"
EndProject
Project("{9A19103F-16F7-4668-BE54-9A1E7A4F7556}") = "DisplayTests", "DisplayTests\DisplayTests.csproj", "{FE10E0F0-A6E9-4492-ACB3-3DD8EB6C1948}"
EndProject
Project("{9A19103F-16F7-4668-BE54-9A1E7A4F7556}") = "Display", "Display\Display.csproj", "{BF69122A-DDCE-455D-8653-11046FE44489}"
EndProject
Global
	GlobalSection(SolutionConfigurationPlatforms) = preSolution
		Debug|Any CPU = Debug|Any CPU
		Release|Any CPU = Release|Any CPU
	EndGlobalSection
	GlobalSection(ProjectConfigurationPlatforms) = postSolution
		{A9259100-EF47-45AC-A9B0-29F258ADA84A}.Debug|Any CPU.ActiveCfg = Debug|Any CPU
		{A9259100-EF47-45AC-A9B0-29F258ADA84A}.Debug|Any CPU.Build.0 = Debug|Any CPU
		{A9259100-EF47-45AC-A9B0-29F258ADA84A}.Release|Any CPU.ActiveCfg = Release|Any CPU
		{A9259100-EF47-45AC-A9B0-29F258ADA84A}.Release|Any CPU.Build.0 = Release|Any CPU
		{FE10E0F0-A6E9-4492-ACB3-3DD8EB6C1948}.Debug|Any CPU.ActiveCfg = Debug|Any CPU
		{FE10E0F0-A6E9-4492-ACB3-3DD8EB6C1948}.Debug|Any CPU.Build.0 = Debug|Any CPU
		{FE10E0F0-A6E9-4492-ACB3-3DD8EB6C1948}.Release|Any CPU.ActiveCfg = Release|Any CPU
		{FE10E0F0-A6E9-4492-ACB3-3DD8EB6C1948}.Release|Any CPU.Build.0 = Release|Any CPU
		{BF69122A-DDCE-455D-8653-11046FE44489}.Debug|Any CPU.ActiveCfg = Debug|Any CPU
		{BF69122A-DDCE-455D-8653-11046FE44489}.Debug|Any CPU.Build.0 = Debug|Any CPU
		{BF69122A-DDCE-455D-8653-11046FE44489}.Release|Any CPU.ActiveCfg = Release|Any CPU
		{BF69122A-DDCE-455D-8653-11046FE44489}.Release|Any CPU.Build.0 = Release|Any CPU
	EndGlobalSection
	GlobalSection(SolutionProperties) = preSolution
		HideSolutionNode = FALSE
	EndGlobalSection
	GlobalSection(ExtensibilityGlobals) = postSolution
		SolutionGuid = {98422909-A3CF-4530-B760-2EE6206377AA}
	EndGlobalSection
EndGlobal
